
Microsoft Visual Studio Solution File, Format Version 12.00
# Visual Studio Version 16
VisualStudioVersion = 16.0.32106.194
MinimumVisualStudioVersion = 10.0.40219.1
Project("{FAE04EC0-301F-11D3-BF4B-00C04F79EFBC}") = "Penterra", "Penterra\Penterra.csproj", "{B6D5A1F3-97BE-44E0-A927-14EA8D176253}"
EndProject
Global
	GlobalSection(SolutionConfigurationPlatforms) = preSolution
		Debug|Any CPU = Debug|Any CPU
		Release|Any CPU = Release|Any CPU
	EndGlobalSection
	GlobalSection(ProjectConfigurationPlatforms) = postSolution
		{B6D5A1F3-97BE-44E0-A927-14EA8D176253}.Debug|Any CPU.ActiveCfg = Debug|Any CPU
		{B6D5A1F3-97BE-44E0-A927-14EA8D176253}.Debug|Any CPU.Build.0 = Debug|Any CPU
		{B6D5A1F3-97BE-44E0-A927-14EA8D176253}.Release|Any CPU.ActiveCfg = Release|Any CPU
		{B6D5A1F3-97BE-44E0-A927-14EA8D176253}.Release|Any CPU.Build.0 = Release|Any CPU
	EndGlobalSection
	GlobalSection(SolutionProperties) = preSolution
		HideSolutionNode = FALSE
	EndGlobalSection
	GlobalSection(ExtensibilityGlobals) = postSolution
		SolutionGuid = {2EEE3BBE-C696-47DD-BABA-A67FE10B8FE5}
	EndGlobalSection
EndGlobal
